
Microsoft Visual Studio Solution File, Format Version 12.00
# Visual Studio Version 17
VisualStudioVersion = 17.5.33424.131
MinimumVisualStudioVersion = 10.0.40219.1
Project("{9A19103F-16F7-4668-BE54-9A1E7A4F7556}") = "InvestmentBankingAutomation", "InvestmentBankingAutomation.csproj", "{90511800-1459-4ACA-92FA-77BF5B406239}"
EndProject
Global
	GlobalSection(SolutionConfigurationPlatforms) = preSolution
		Debug|Any CPU = Debug|Any CPU
		Release|Any CPU = Release|Any CPU
	EndGlobalSection
	GlobalSection(ProjectConfigurationPlatforms) = postSolution
		{90511800-1459-4ACA-92FA-77BF5B406239}.Debug|Any CPU.ActiveCfg = Debug|Any CPU
		{90511800-1459-4ACA-92FA-77BF5B406239}.Debug|Any CPU.Build.0 = Debug|Any CPU
		{90511800-1459-4ACA-92FA-77BF5B406239}.Release|Any CPU.ActiveCfg = Release|Any CPU
		{90511800-1459-4ACA-92FA-77BF5B406239}.Release|Any CPU.Build.0 = Release|Any CPU
	EndGlobalSection
	GlobalSection(SolutionProperties) = preSolution
		HideSolutionNode = FALSE
	EndGlobalSection
	GlobalSection(ExtensibilityGlobals) = postSolution
		SolutionGuid = {C7D22428-0D35-42E0-9108-65F6F035F694}
	EndGlobalSection
EndGlobal
